// !$*UTF8*$!
{
	archiveVersion = 1;
	classes = {
	};
	objectVersion = 46;
	objects = {

/* Begin PBXBuildFile section */
		D56AF2B3148AE7FB00123944 /* UIKit.framework in Frameworks */ = {isa = PBXBuildFile; fileRef = D56AF2B2148AE7FB00123944 /* UIKit.framework */; };
		D56AF2B5148AE7FB00123944 /* Foundation.framework in Frameworks */ = {isa = PBXBuildFile; fileRef = D56AF2B4148AE7FB00123944 /* Foundation.framework */; };
		D56AF2B7148AE7FB00123944 /* CoreGraphics.framework in Frameworks */ = {isa = PBXBuildFile; fileRef = D56AF2B6148AE7FB00123944 /* CoreGraphics.framework */; };
		D56AF2BD148AE7FB00123944 /* InfoPlist.strings in Resources */ = {isa = PBXBuildFile; fileRef = D56AF2BB148AE7FB00123944 /* InfoPlist.strings */; };
		D56AF2C0148AE7FB00123944 /* main.m in Sources */ = {isa = PBXBuildFile; fileRef = D56AF2BF148AE7FB00123944 /* main.m */; };
		D56AF2C3148AE7FB00123944 /* SMSAppDelegate.m in Sources */ = {isa = PBXBuildFile; fileRef = D56AF2C2148AE7FB00123944 /* SMSAppDelegate.m */; };
		D56AF2C6148AE7FB00123944 /* MainWindow.xib in Resources */ = {isa = PBXBuildFile; fileRef = D56AF2C4148AE7FB00123944 /* MainWindow.xib */; };
		D56AF2C9148AE7FB00123944 /* SMSViewController.m in Sources */ = {isa = PBXBuildFile; fileRef = D56AF2C8148AE7FB00123944 /* SMSViewController.m */; };
		D56AF2CC148AE7FB00123944 /* SMSViewController.xib in Resources */ = {isa = PBXBuildFile; fileRef = D56AF2CA148AE7FB00123944 /* SMSViewController.xib */; };
		D56AF2D3148AE7FB00123944 /* UIKit.framework in Frameworks */ = {isa = PBXBuildFile; fileRef = D56AF2B2148AE7FB00123944 /* UIKit.framework */; };
		D56AF2D4148AE7FB00123944 /* Foundation.framework in Frameworks */ = {isa = PBXBuildFile; fileRef = D56AF2B4148AE7FB00123944 /* Foundation.framework */; };
		D56AF2D5148AE7FB00123944 /* CoreGraphics.framework in Frameworks */ = {isa = PBXBuildFile; fileRef = D56AF2B6148AE7FB00123944 /* CoreGraphics.framework */; };
		D56AF2DD148AE7FB00123944 /* InfoPlist.strings in Resources */ = {isa = PBXBuildFile; fileRef = D56AF2DB148AE7FB00123944 /* InfoPlist.strings */; };
		D56AF2E0148AE7FB00123944 /* SMSTests.h in Resources */ = {isa = PBXBuildFile; fileRef = D56AF2DF148AE7FB00123944 /* SMSTests.h */; };
		D56AF2E2148AE7FB00123944 /* SMSTests.m in Sources */ = {isa = PBXBuildFile; fileRef = D56AF2E1148AE7FB00123944 /* SMSTests.m */; };
		D56AF2EC148AE9B700123944 /* MessageUI.framework in Frameworks */ = {isa = PBXBuildFile; fileRef = D56AF2EB148AE9B700123944 /* MessageUI.framework */; };
/* End PBXBuildFile section */

/* Begin PBXContainerItemProxy section */
		D56AF2D6148AE7FB00123944 /* PBXContainerItemProxy */ = {
			isa = PBXContainerItemProxy;
			containerPortal = D56AF2A5148AE7FA00123944 /* Project object */;
			proxyType = 1;
			remoteGlobalIDString = D56AF2AD148AE7FA00123944;
			remoteInfo = SMS;
		};
/* End PBXContainerItemProxy section */

/* Begin PBXFileReference section */
		D56AF2AE148AE7FB00123944 /* SMS.app */ = {isa = PBXFileReference; explicitFileType = wrapper.application; includeInIndex = 0; path = SMS.app; sourceTree = BUILT_PRODUCTS_DIR; };
		D56AF2B2148AE7FB00123944 /* UIKit.framework */ = {isa = PBXFileReference; lastKnownFileType = wrapper.framework; name = UIKit.framework; path = System/Library/Frameworks/UIKit.framework; sourceTree = SDKROOT; };
		D56AF2B4148AE7FB00123944 /* Foundation.framework */ = {isa = PBXFileReference; lastKnownFileType = wrapper.framework; name = Foundation.framework; path = System/Library/Frameworks/Foundation.framework; sourceTree = SDKROOT; };
		D56AF2B6148AE7FB00123944 /* CoreGraphics.framework */ = {isa = PBXFileReference; lastKnownFileType = wrapper.framework; name = CoreGraphics.framework; path = System/Library/Frameworks/CoreGraphics.framework; sourceTree = SDKROOT; };
		D56AF2BA148AE7FB00123944 /* SMS-Info.plist */ = {isa = PBXFileReference; lastKnownFileType = text.plist.xml; path = "SMS-Info.plist"; sourceTree = "<group>"; };
		D56AF2BC148AE7FB00123944 /* en */ = {isa = PBXFileReference; lastKnownFileType = text.plist.strings; name = en; path = en.lproj/InfoPlist.strings; sourceTree = "<group>"; };
		D56AF2BE148AE7FB00123944 /* SMS-Prefix.pch */ = {isa = PBXFileReference; lastKnownFileType = sourcecode.c.h; path = "SMS-Prefix.pch"; sourceTree = "<group>"; };
		D56AF2BF148AE7FB00123944 /* main.m */ = {isa = PBXFileReference; lastKnownFileType = sourcecode.c.objc; path = main.m; sourceTree = "<group>"; };
		D56AF2C1148AE7FB00123944 /* SMSAppDelegate.h */ = {isa = PBXFileReference; lastKnownFileType = sourcecode.c.h; path = SMSAppDelegate.h; sourceTree = "<group>"; };
		D56AF2C2148AE7FB00123944 /* SMSAppDelegate.m */ = {isa = PBXFileReference; lastKnownFileType = sourcecode.c.objc; path = SMSAppDelegate.m; sourceTree = "<group>"; };
		D56AF2C5148AE7FB00123944 /* en */ = {isa = PBXFileReference; lastKnownFileType = file.xib; name = en; path = en.lproj/MainWindow.xib; sourceTree = "<group>"; };
		D56AF2C7148AE7FB00123944 /* SMSViewController.h */ = {isa = PBXFileReference; lastKnownFileType = sourcecode.c.h; path = SMSViewController.h; sourceTree = "<group>"; };
		D56AF2C8148AE7FB00123944 /* SMSViewController.m */ = {isa = PBXFileReference; lastKnownFileType = sourcecode.c.objc; path = SMSViewController.m; sourceTree = "<group>"; };
		D56AF2CB148AE7FB00123944 /* en */ = {isa = PBXFileReference; lastKnownFileType = file.xib; name = en; path = en.lproj/SMSViewController.xib; sourceTree = "<group>"; };
		D56AF2D2148AE7FB00123944 /* SMSTests.octest */ = {isa = PBXFileReference; explicitFileType = wrapper.cfbundle; includeInIndex = 0; path = SMSTests.octest; sourceTree = BUILT_PRODUCTS_DIR; };
		D56AF2DA148AE7FB00123944 /* SMSTests-Info.plist */ = {isa = PBXFileReference; lastKnownFileType = text.plist.xml; path = "SMSTests-Info.plist"; sourceTree = "<group>"; };
		D56AF2DC148AE7FB00123944 /* en */ = {isa = PBXFileReference; lastKnownFileType = text.plist.strings; name = en; path = en.lproj/InfoPlist.strings; sourceTree = "<group>"; };
		D56AF2DE148AE7FB00123944 /* SMSTests-Prefix.pch */ = {isa = PBXFileReference; lastKnownFileType = sourcecode.c.h; path = "SMSTests-Prefix.pch"; sourceTree = "<group>"; };
		D56AF2DF148AE7FB00123944 /* SMSTests.h */ = {isa = PBXFileReference; lastKnownFileType = sourcecode.c.h; path = SMSTests.h; sourceTree = "<group>"; };
		D56AF2E1148AE7FB00123944 /* SMSTests.m */ = {isa = PBXFileReference; lastKnownFileType = sourcecode.c.objc; path = SMSTests.m; sourceTree = "<group>"; };
		D56AF2EB148AE9B700123944 /* MessageUI.framework */ = {isa = PBXFileReference; lastKnownFileType = wrapper.framework; name = MessageUI.framework; path = System/Library/Frameworks/MessageUI.framework; sourceTree = SDKROOT; };
/* End PBXFileReference section */

/* Begin PBXFrameworksBuildPhase section */
		D56AF2AB148AE7FA00123944 /* Frameworks */ = {
			isa = PBXFrameworksBuildPhase;
			buildActionMask = 2147483647;
			files = (
				D56AF2EC148AE9B700123944 /* MessageUI.framework in Frameworks */,
				D56AF2B3148AE7FB00123944 /* UIKit.framework in Frameworks */,
				D56AF2B5148AE7FB00123944 /* Foundation.framework in Frameworks */,
				D56AF2B7148AE7FB00123944 /* CoreGraphics.framework in Frameworks */,
			);
			runOnlyForDeploymentPostprocessing = 0;
		};
		D56AF2CE148AE7FB00123944 /* Frameworks */ = {
			isa = PBXFrameworksBuildPhase;
			buildActionMask = 2147483647;
			files = (
				D56AF2D3148AE7FB00123944 /* UIKit.framework in Frameworks */,
				D56AF2D4148AE7FB00123944 /* Foundation.framework in Frameworks */,
				D56AF2D5148AE7FB00123944 /* CoreGraphics.framework in Frameworks */,
			);
			runOnlyForDeploymentPostprocessing = 0;
		};
/* End PBXFrameworksBuildPhase section */

/* Begin PBXGroup section */
		D56AF2A3148AE7FA00123944 = {
			isa = PBXGroup;
			children = (
				D56AF2B8148AE7FB00123944 /* SMS */,
				D56AF2D8148AE7FB00123944 /* SMSTests */,
				D56AF2B1148AE7FB00123944 /* Frameworks */,
				D56AF2AF148AE7FB00123944 /* Products */,
			);
			sourceTree = "<group>";
		};
		D56AF2AF148AE7FB00123944 /* Products */ = {
			isa = PBXGroup;
			children = (
				D56AF2AE148AE7FB00123944 /* SMS.app */,
				D56AF2D2148AE7FB00123944 /* SMSTests.octest */,
			);
			name = Products;
			sourceTree = "<group>";
		};
		D56AF2B1148AE7FB00123944 /* Frameworks */ = {
			isa = PBXGroup;
			children = (
				D56AF2EB148AE9B700123944 /* MessageUI.framework */,
				D56AF2B2148AE7FB00123944 /* UIKit.framework */,
				D56AF2B4148AE7FB00123944 /* Foundation.framework */,
				D56AF2B6148AE7FB00123944 /* CoreGraphics.framework */,
			);
			name = Frameworks;
			sourceTree = "<group>";
		};
		D56AF2B8148AE7FB00123944 /* SMS */ = {
			isa = PBXGroup;
			children = (
				D56AF2C1148AE7FB00123944 /* SMSAppDelegate.h */,
				D56AF2C2148AE7FB00123944 /* SMSAppDelegate.m */,
				D56AF2C4148AE7FB00123944 /* MainWindow.xib */,
				D56AF2C7148AE7FB00123944 /* SMSViewController.h */,
				D56AF2C8148AE7FB00123944 /* SMSViewController.m */,
				D56AF2CA148AE7FB00123944 /* SMSViewController.xib */,
				D56AF2B9148AE7FB00123944 /* Supporting Files */,
			);
			path = SMS;
			sourceTree = "<group>";
		};
		D56AF2B9148AE7FB00123944 /* Supporting Files */ = {
			isa = PBXGroup;
			children = (
				D56AF2BA148AE7FB00123944 /* SMS-Info.plist */,
				D56AF2BB148AE7FB00123944 /* InfoPlist.strings */,
				D56AF2BE148AE7FB00123944 /* SMS-Prefix.pch */,
				D56AF2BF148AE7FB00123944 /* main.m */,
			);
			name = "Supporting Files";
			sourceTree = "<group>";
		};
		D56AF2D8148AE7FB00123944 /* SMSTests */ = {
			isa = PBXGroup;
			children = (
				D56AF2DF148AE7FB00123944 /* SMSTests.h */,
				D56AF2E1148AE7FB00123944 /* SMSTests.m */,
				D56AF2D9148AE7FB00123944 /* Supporting Files */,
			);
			path = SMSTests;
			sourceTree = "<group>";
		};
		D56AF2D9148AE7FB00123944 /* Supporting Files */ = {
			isa = PBXGroup;
			children = (
				D56AF2DA148AE7FB00123944 /* SMSTests-Info.plist */,
				D56AF2DB148AE7FB00123944 /* InfoPlist.strings */,
				D56AF2DE148AE7FB00123944 /* SMSTests-Prefix.pch */,
			);
			name = "Supporting Files";
			sourceTree = "<group>";
		};
/* End PBXGroup section */

/* Begin PBXNativeTarget section */
		D56AF2AD148AE7FA00123944 /* SMS */ = {
			isa = PBXNativeTarget;
			buildConfigurationList = D56AF2E5148AE7FB00123944 /* Build configuration list for PBXNativeTarget "SMS" */;
			buildPhases = (
				D56AF2AA148AE7FA00123944 /* Sources */,
				D56AF2AB148AE7FA00123944 /* Frameworks */,
				D56AF2AC148AE7FA00123944 /* Resources */,
			);
			buildRules = (
			);
			dependencies = (
			);
			name = SMS;
			productName = SMS;
			productReference = D56AF2AE148AE7FB00123944 /* SMS.app */;
			productType = "com.apple.product-type.application";
		};
		D56AF2D1148AE7FB00123944 /* SMSTests */ = {
			isa = PBXNativeTarget;
			buildConfigurationList = D56AF2E8148AE7FB00123944 /* Build configuration list for PBXNativeTarget "SMSTests" */;
			buildPhases = (
				D56AF2CD148AE7FB00123944 /* Sources */,
				D56AF2CE148AE7FB00123944 /* Frameworks */,
				D56AF2CF148AE7FB00123944 /* Resources */,
				D56AF2D0148AE7FB00123944 /* ShellScript */,
			);
			buildRules = (
			);
			dependencies = (
				D56AF2D7148AE7FB00123944 /* PBXTargetDependency */,
			);
			name = SMSTests;
			productName = SMSTests;
			productReference = D56AF2D2148AE7FB00123944 /* SMSTests.octest */;
			productType = "com.apple.product-type.bundle";
		};
/* End PBXNativeTarget section */

/* Begin PBXProject section */
		D56AF2A5148AE7FA00123944 /* Project object */ = {
			isa = PBXProject;
			buildConfigurationList = D56AF2A8148AE7FA00123944 /* Build configuration list for PBXProject "SMS" */;
			compatibilityVersion = "Xcode 3.2";
			developmentRegion = English;
			hasScannedForEncodings = 0;
			knownRegions = (
				en,
			);
			mainGroup = D56AF2A3148AE7FA00123944;
			productRefGroup = D56AF2AF148AE7FB00123944 /* Products */;
			projectDirPath = "";
			projectRoot = "";
			targets = (
				D56AF2AD148AE7FA00123944 /* SMS */,
				D56AF2D1148AE7FB00123944 /* SMSTests */,
			);
		};
/* End PBXProject section */

/* Begin PBXResourcesBuildPhase section */
		D56AF2AC148AE7FA00123944 /* Resources */ = {
			isa = PBXResourcesBuildPhase;
			buildActionMask = 2147483647;
			files = (
				D56AF2BD148AE7FB00123944 /* InfoPlist.strings in Resources */,
				D56AF2C6148AE7FB00123944 /* MainWindow.xib in Resources */,
				D56AF2CC148AE7FB00123944 /* SMSViewController.xib in Resources */,
			);
			runOnlyForDeploymentPostprocessing = 0;
		};
		D56AF2CF148AE7FB00123944 /* Resources */ = {
			isa = PBXResourcesBuildPhase;
			buildActionMask = 2147483647;
			files = (
				D56AF2DD148AE7FB00123944 /* InfoPlist.strings in Resources */,
				D56AF2E0148AE7FB00123944 /* SMSTests.h in Resources */,
			);
			runOnlyForDeploymentPostprocessing = 0;
		};
/* End PBXResourcesBuildPhase section */

/* Begin PBXShellScriptBuildPhase section */
		D56AF2D0148AE7FB00123944 /* ShellScript */ = {
			isa = PBXShellScriptBuildPhase;
			buildActionMask = 2147483647;
			files = (
			);
			inputPaths = (
			);
			outputPaths = (
			);
			runOnlyForDeploymentPostprocessing = 0;
			shellPath = /bin/sh;
			shellScript = "# Run the unit tests in this test bundle.\n\"${SYSTEM_DEVELOPER_DIR}/Tools/RunUnitTests\"\n";
		};
/* End PBXShellScriptBuildPhase section */

/* Begin PBXSourcesBuildPhase section */
		D56AF2AA148AE7FA00123944 /* Sources */ = {
			isa = PBXSourcesBuildPhase;
			buildActionMask = 2147483647;
			files = (
				D56AF2C0148AE7FB00123944 /* main.m in Sources */,
				D56AF2C3148AE7FB00123944 /* SMSAppDelegate.m in Sources */,
				D56AF2C9148AE7FB00123944 /* SMSViewController.m in Sources */,
			);
			runOnlyForDeploymentPostprocessing = 0;
		};
		D56AF2CD148AE7FB00123944 /* Sources */ = {
			isa = PBXSourcesBuildPhase;
			buildActionMask = 2147483647;
			files = (
				D56AF2E2148AE7FB00123944 /* SMSTests.m in Sources */,
			);
			runOnlyForDeploymentPostprocessing = 0;
		};
/* End PBXSourcesBuildPhase section */

/* Begin PBXTargetDependency section */
		D56AF2D7148AE7FB00123944 /* PBXTargetDependency */ = {
			isa = PBXTargetDependency;
			target = D56AF2AD148AE7FA00123944 /* SMS */;
			targetProxy = D56AF2D6148AE7FB00123944 /* PBXContainerItemProxy */;
		};
/* End PBXTargetDependency section */

/* Begin PBXVariantGroup section */
		D56AF2BB148AE7FB00123944 /* InfoPlist.strings */ = {
			isa = PBXVariantGroup;
			children = (
				D56AF2BC148AE7FB00123944 /* en */,
			);
			name = InfoPlist.strings;
			sourceTree = "<group>";
		};
		D56AF2C4148AE7FB00123944 /* MainWindow.xib */ = {
			isa = PBXVariantGroup;
			children = (
				D56AF2C5148AE7FB00123944 /* en */,
			);
			name = MainWindow.xib;
			sourceTree = "<group>";
		};
		D56AF2CA148AE7FB00123944 /* SMSViewController.xib */ = {
			isa = PBXVariantGroup;
			children = (
				D56AF2CB148AE7FB00123944 /* en */,
			);
			name = SMSViewController.xib;
			sourceTree = "<group>";
		};
		D56AF2DB148AE7FB00123944 /* InfoPlist.strings */ = {
			isa = PBXVariantGroup;
			children = (
				D56AF2DC148AE7FB00123944 /* en */,
			);
			name = InfoPlist.strings;
			sourceTree = "<group>";
		};
/* End PBXVariantGroup section */

/* Begin XCBuildConfiguration section */
		D56AF2E3148AE7FB00123944 /* Debug */ = {
			isa = XCBuildConfiguration;
			buildSettings = {
				ARCHS = "$(ARCHS_STANDARD_32_BIT)";
				"CODE_SIGN_IDENTITY[sdk=iphoneos*]" = "iPhone Developer";
				GCC_C_LANGUAGE_STANDARD = gnu99;
				GCC_OPTIMIZATION_LEVEL = 0;
				GCC_PREPROCESSOR_DEFINITIONS = DEBUG;
				GCC_SYMBOLS_PRIVATE_EXTERN = NO;
				GCC_VERSION = com.apple.compilers.llvmgcc42;
				GCC_WARN_ABOUT_RETURN_TYPE = YES;
				GCC_WARN_UNUSED_VARIABLE = YES;
				IPHONEOS_DEPLOYMENT_TARGET = 4.3;
				SDKROOT = iphoneos;
			};
			name = Debug;
		};
		D56AF2E4148AE7FB00123944 /* Release */ = {
			isa = XCBuildConfiguration;
			buildSettings = {
				ARCHS = "$(ARCHS_STANDARD_32_BIT)";
				"CODE_SIGN_IDENTITY[sdk=iphoneos*]" = "iPhone Developer";
				GCC_C_LANGUAGE_STANDARD = gnu99;
				GCC_VERSION = com.apple.compilers.llvmgcc42;
				GCC_WARN_ABOUT_RETURN_TYPE = YES;
				GCC_WARN_UNUSED_VARIABLE = YES;
				IPHONEOS_DEPLOYMENT_TARGET = 4.3;
				OTHER_CFLAGS = "-DNS_BLOCK_ASSERTIONS=1";
				SDKROOT = iphoneos;
			};
			name = Release;
		};
		D56AF2E6148AE7FB00123944 /* Debug */ = {
			isa = XCBuildConfiguration;
			buildSettings = {
				ALWAYS_SEARCH_USER_PATHS = NO;
				COPY_PHASE_STRIP = NO;
				GCC_DYNAMIC_NO_PIC = NO;
				GCC_PRECOMPILE_PREFIX_HEADER = YES;
				GCC_PREFIX_HEADER = "SMS/SMS-Prefix.pch";
				INFOPLIST_FILE = "SMS/SMS-Info.plist";
				PRODUCT_NAME = "$(TARGET_NAME)";
				WRAPPER_EXTENSION = app;
			};
			name = Debug;
		};
		D56AF2E7148AE7FB00123944 /* Release */ = {
			isa = XCBuildConfiguration;
			buildSettings = {
				ALWAYS_SEARCH_USER_PATHS = NO;
				COPY_PHASE_STRIP = YES;
				GCC_PRECOMPILE_PREFIX_HEADER = YES;
				GCC_PREFIX_HEADER = "SMS/SMS-Prefix.pch";
				INFOPLIST_FILE = "SMS/SMS-Info.plist";
				PRODUCT_NAME = "$(TARGET_NAME)";
				VALIDATE_PRODUCT = YES;
				WRAPPER_EXTENSION = app;
			};
			name = Release;
		};
		D56AF2E9148AE7FB00123944 /* Debug */ = {
			isa = XCBuildConfiguration;
			buildSettings = {
				ALWAYS_SEARCH_USER_PATHS = NO;
				BUNDLE_LOADER = "$(BUILT_PRODUCTS_DIR)/SMS.app/SMS";
				FRAMEWORK_SEARCH_PATHS = (
					"$(SDKROOT)/Developer/Library/Frameworks",
					"$(DEVELOPER_LIBRARY_DIR)/Frameworks",
				);
				GCC_PRECOMPILE_PREFIX_HEADER = YES;
				GCC_PREFIX_HEADER = "SMSTests/SMSTests-Prefix.pch";
				INFOPLIST_FILE = "SMSTests/SMSTests-Info.plist";
				OTHER_LDFLAGS = (
					"-framework",
					SenTestingKit,
				);
				PRODUCT_NAME = "$(TARGET_NAME)";
				TEST_HOST = "$(BUNDLE_LOADER)";
				WRAPPER_EXTENSION = octest;
			};
			name = Debug;
		};
		D56AF2EA148AE7FB00123944 /* Release */ = {
			isa = XCBuildConfiguration;
			buildSettings = {
				ALWAYS_SEARCH_USER_PATHS = NO;
				BUNDLE_LOADER = "$(BUILT_PRODUCTS_DIR)/SMS.app/SMS";
				FRAMEWORK_SEARCH_PATHS = (
					"$(SDKROOT)/Developer/Library/Frameworks",
					"$(DEVELOPER_LIBRARY_DIR)/Frameworks",
				);
				GCC_PRECOMPILE_PREFIX_HEADER = YES;
				GCC_PREFIX_HEADER = "SMSTests/SMSTests-Prefix.pch";
				INFOPLIST_FILE = "SMSTests/SMSTests-Info.plist";
				OTHER_LDFLAGS = (
					"-framework",
					SenTestingKit,
				);
				PRODUCT_NAME = "$(TARGET_NAME)";
				TEST_HOST = "$(BUNDLE_LOADER)";
				WRAPPER_EXTENSION = octest;
			};
			name = Release;
		};
/* End XCBuildConfiguration section */

/* Begin XCConfigurationList section */
		D56AF2A8148AE7FA00123944 /* Build configuration list for PBXProject "SMS" */ = {
			isa = XCConfigurationList;
			buildConfigurations = (
				D56AF2E3148AE7FB00123944 /* Debug */,
				D56AF2E4148AE7FB00123944 /* Release */,
			);
			defaultConfigurationIsVisible = 0;
			defaultConfigurationName = Release;
		};
		D56AF2E5148AE7FB00123944 /* Build configuration list for PBXNativeTarget "SMS" */ = {
			isa = XCConfigurationList;
			buildConfigurations = (
				D56AF2E6148AE7FB00123944 /* Debug */,
				D56AF2E7148AE7FB00123944 /* Release */,
			);
			defaultConfigurationIsVisible = 0;
			defaultConfigurationName = Release;
		};
		D56AF2E8148AE7FB00123944 /* Build configuration list for PBXNativeTarget "SMSTests" */ = {
			isa = XCConfigurationList;
			buildConfigurations = (
				D56AF2E9148AE7FB00123944 /* Debug */,
				D56AF2EA148AE7FB00123944 /* Release */,
			);
			defaultConfigurationIsVisible = 0;
			defaultConfigurationName = Release;
		};
/* End XCConfigurationList section */
	};
	rootObject = D56AF2A5148AE7FA00123944 /* Project object */;
}
